
Microsoft Visual Studio Solution File, Format Version 12.00
# Visual Studio 14
VisualStudioVersion = 14.0.23107.0
MinimumVisualStudioVersion = 10.0.40219.1
Project("{FAE04EC0-301F-11D3-BF4B-00C04F79EFBC}") = "SQLTrismegiste", "SQLTrismegiste\SQLTrismegiste.csproj", "{0273AC3C-9A81-4C3B-8342-7A80AEA67CE2}"
EndProject
Project("{FAE04EC0-301F-11D3-BF4B-00C04F79EFBC}") = "PoorMansTSqlFormatterLib", "PoorMansTSqlFormatterLib\PoorMansTSqlFormatterLib.csproj", "{DBBDE1C0-D108-4B68-A7D2-C1CE55BBC704}"
EndProject
Global
	GlobalSection(SolutionConfigurationPlatforms) = preSolution
		Debug|Any CPU = Debug|Any CPU
		Release|Any CPU = Release|Any CPU
	EndGlobalSection
	GlobalSection(ProjectConfigurationPlatforms) = postSolution
		{0273AC3C-9A81-4C3B-8342-7A80AEA67CE2}.Debug|Any CPU.ActiveCfg = Debug|Any CPU
		{0273AC3C-9A81-4C3B-8342-7A80AEA67CE2}.Debug|Any CPU.Build.0 = Debug|Any CPU
		{0273AC3C-9A81-4C3B-8342-7A80AEA67CE2}.Release|Any CPU.ActiveCfg = Release|Any CPU
		{0273AC3C-9A81-4C3B-8342-7A80AEA67CE2}.Release|Any CPU.Build.0 = Release|Any CPU
		{DBBDE1C0-D108-4B68-A7D2-C1CE55BBC704}.Debug|Any CPU.ActiveCfg = Debug|Any CPU
		{DBBDE1C0-D108-4B68-A7D2-C1CE55BBC704}.Debug|Any CPU.Build.0 = Debug|Any CPU
		{DBBDE1C0-D108-4B68-A7D2-C1CE55BBC704}.Release|Any CPU.ActiveCfg = Release|Any CPU
		{DBBDE1C0-D108-4B68-A7D2-C1CE55BBC704}.Release|Any CPU.Build.0 = Release|Any CPU
	EndGlobalSection
	GlobalSection(SolutionProperties) = preSolution
		HideSolutionNode = FALSE
	EndGlobalSection
EndGlobal
